// !$*UTF8*$!
{
	archiveVersion = 1;
	classes = {
	};
	objectVersion = 46;
	objects = {

/* Begin PBXBuildFile section */
		B50161A619F2976E00FFBDC4 /* StreamConnector.swift in Sources */ = {isa = PBXBuildFile; fileRef = B50161A519F2976E00FFBDC4 /* StreamConnector.swift */; };
		B50161DD19F2CC1D00FFBDC4 /* CybergameClient.swift in Sources */ = {isa = PBXBuildFile; fileRef = B50161DC19F2CC1D00FFBDC4 /* CybergameClient.swift */; };
		B50161DF19F2CC6C00FFBDC4 /* StreamServiceClient.swift in Sources */ = {isa = PBXBuildFile; fileRef = B50161DE19F2CC6C00FFBDC4 /* StreamServiceClient.swift */; };
		B50161E119F2D51600FFBDC4 /* TwitchClient.swift in Sources */ = {isa = PBXBuildFile; fileRef = B50161E019F2D51600FFBDC4 /* TwitchClient.swift */; };
		B50FEF391A8BE31100F78550 /* GoodgameClient.swift in Sources */ = {isa = PBXBuildFile; fileRef = B50FEF381A8BE31100F78550 /* GoodgameClient.swift */; };
		B50FEF3C1A8BF62C00F78550 /* settings.json in Resources */ = {isa = PBXBuildFile; fileRef = B50FEF3B1A8BF62C00F78550 /* settings.json */; };
		B50FEF471A8C085900F78550 /* NSURLConnection+Shorts.swift in Sources */ = {isa = PBXBuildFile; fileRef = B50FEF461A8C085900F78550 /* NSURLConnection+Shorts.swift */; };
		B50FEF491A8C099F00F78550 /* String+Additions.swift in Sources */ = {isa = PBXBuildFile; fileRef = B50FEF481A8C099F00F78550 /* String+Additions.swift */; };
		B53566761B5595360089411E /* StreamLinkLoader.swift in Sources */ = {isa = PBXBuildFile; fileRef = B53566751B5595360089411E /* StreamLinkLoader.swift */; };
		B53566811B5595900089411E /* Alamofire.swift in Sources */ = {isa = PBXBuildFile; fileRef = B53566781B5595900089411E /* Alamofire.swift */; };
		B53566821B5595900089411E /* Download.swift in Sources */ = {isa = PBXBuildFile; fileRef = B53566791B5595900089411E /* Download.swift */; };
		B53566831B5595900089411E /* Manager.swift in Sources */ = {isa = PBXBuildFile; fileRef = B535667A1B5595900089411E /* Manager.swift */; };
		B53566841B5595900089411E /* MultipartFormData.swift in Sources */ = {isa = PBXBuildFile; fileRef = B535667B1B5595900089411E /* MultipartFormData.swift */; };
		B53566851B5595900089411E /* ParameterEncoding.swift in Sources */ = {isa = PBXBuildFile; fileRef = B535667C1B5595900089411E /* ParameterEncoding.swift */; };
		B53566861B5595900089411E /* Request.swift in Sources */ = {isa = PBXBuildFile; fileRef = B535667D1B5595900089411E /* Request.swift */; };
		B53566871B5595900089411E /* ResponseSerialization.swift in Sources */ = {isa = PBXBuildFile; fileRef = B535667E1B5595900089411E /* ResponseSerialization.swift */; };
		B53566881B5595900089411E /* Upload.swift in Sources */ = {isa = PBXBuildFile; fileRef = B535667F1B5595900089411E /* Upload.swift */; };
		B53566891B5595900089411E /* Validation.swift in Sources */ = {isa = PBXBuildFile; fileRef = B53566801B5595900089411E /* Validation.swift */; };
		B55F13681A9692DD0007FB94 /* GCD+Shorts.swift in Sources */ = {isa = PBXBuildFile; fileRef = B55F13671A9692DD0007FB94 /* GCD+Shorts.swift */; };
		B560C2AB1B58403B00E94325 /* App.swift in Sources */ = {isa = PBXBuildFile; fileRef = B560C2AA1B58403B00E94325 /* App.swift */; };
		B560C2AC1B58446500E94325 /* Info.plist in Resources */ = {isa = PBXBuildFile; fileRef = B5E027CF19F238D90095AABC /* Info.plist */; };
		B593CCA119F3FE81007747C9 /* RefreshTimer.swift in Sources */ = {isa = PBXBuildFile; fileRef = B593CCA019F3FE81007747C9 /* RefreshTimer.swift */; };
		B5BA38C81A91254D00AF74F2 /* StreamerData.swift in Sources */ = {isa = PBXBuildFile; fileRef = B5BA38C71A91254D00AF74F2 /* StreamerData.swift */; };
		B5BA38CA1A91377900AF74F2 /* Settings.swift in Sources */ = {isa = PBXBuildFile; fileRef = B5BA38C91A91377900AF74F2 /* Settings.swift */; };
		B5CAD3A919F2F9F7007AD3D7 /* NSColor+Hex.swift in Sources */ = {isa = PBXBuildFile; fileRef = B5CAD3A819F2F9F7007AD3D7 /* NSColor+Hex.swift */; };
		B5CB263C1A97205E007755DD /* Reachability.swift in Sources */ = {isa = PBXBuildFile; fileRef = B5CB263B1A97205E007755DD /* Reachability.swift */; };
		B5E027D119F238D90095AABC /* AppDelegate.swift in Sources */ = {isa = PBXBuildFile; fileRef = B5E027D019F238D90095AABC /* AppDelegate.swift */; };
		B5E027D319F238D90095AABC /* Images.xcassets in Resources */ = {isa = PBXBuildFile; fileRef = B5E027D219F238D90095AABC /* Images.xcassets */; };
		B5E027D619F238D90095AABC /* MainMenu.xib in Resources */ = {isa = PBXBuildFile; fileRef = B5E027D419F238D90095AABC /* MainMenu.xib */; };
		B5E027E219F238D90095AABC /* StreamRunTests.swift in Sources */ = {isa = PBXBuildFile; fileRef = B5E027E119F238D90095AABC /* StreamRunTests.swift */; };
		B5E0280A19F24FBD0095AABC /* StreamData.swift in Sources */ = {isa = PBXBuildFile; fileRef = B5E0280919F24FBD0095AABC /* StreamData.swift */; };
		B5E0280C19F256960095AABC /* StoreService.swift in Sources */ = {isa = PBXBuildFile; fileRef = B5E0280B19F256960095AABC /* StoreService.swift */; };
		B5E0280E19F257840095AABC /* streams.json in Resources */ = {isa = PBXBuildFile; fileRef = B5E0280D19F257840095AABC /* streams.json */; };
		B5E0282419F273330095AABC /* SwiftyJSON.swift in Sources */ = {isa = PBXBuildFile; fileRef = B5E0282319F273330095AABC /* SwiftyJSON.swift */; };
/* End PBXBuildFile section */

/* Begin PBXContainerItemProxy section */
		B5E027DC19F238D90095AABC /* PBXContainerItemProxy */ = {
			isa = PBXContainerItemProxy;
			containerPortal = B5E027C319F238D90095AABC /* Project object */;
			proxyType = 1;
			remoteGlobalIDString = B5E027CA19F238D90095AABC;
			remoteInfo = StreamRun;
		};
/* End PBXContainerItemProxy section */

/* Begin PBXCopyFilesBuildPhase section */
		B5E027F619F242BB0095AABC /* Copy Frameworks */ = {
			isa = PBXCopyFilesBuildPhase;
			buildActionMask = 2147483647;
			dstPath = "";
			dstSubfolderSpec = 10;
			files = (
			);
			name = "Copy Frameworks";
			runOnlyForDeploymentPostprocessing = 0;
		};
/* End PBXCopyFilesBuildPhase section */

/* Begin PBXFileReference section */
		B50161A519F2976E00FFBDC4 /* StreamConnector.swift */ = {isa = PBXFileReference; fileEncoding = 4; lastKnownFileType = sourcecode.swift; name = StreamConnector.swift; path = Classes/StreamConnector/StreamConnector.swift; sourceTree = "<group>"; };
		B50161DC19F2CC1D00FFBDC4 /* CybergameClient.swift */ = {isa = PBXFileReference; fileEncoding = 4; lastKnownFileType = sourcecode.swift; name = CybergameClient.swift; path = Classes/StreamServiceClients/CybergameClient.swift; sourceTree = "<group>"; };
		B50161DE19F2CC6C00FFBDC4 /* StreamServiceClient.swift */ = {isa = PBXFileReference; fileEncoding = 4; lastKnownFileType = sourcecode.swift; name = StreamServiceClient.swift; path = Classes/StreamServiceClients/StreamServiceClient.swift; sourceTree = "<group>"; };
		B50161E019F2D51600FFBDC4 /* TwitchClient.swift */ = {isa = PBXFileReference; fileEncoding = 4; lastKnownFileType = sourcecode.swift; name = TwitchClient.swift; path = Classes/StreamServiceClients/TwitchClient.swift; sourceTree = "<group>"; };
		B50FEF381A8BE31100F78550 /* GoodgameClient.swift */ = {isa = PBXFileReference; fileEncoding = 4; lastKnownFileType = sourcecode.swift; name = GoodgameClient.swift; path = Classes/StreamServiceClients/GoodgameClient.swift; sourceTree = "<group>"; };
		B50FEF3B1A8BF62C00F78550 /* settings.json */ = {isa = PBXFileReference; fileEncoding = 4; lastKnownFileType = text.json; name = settings.json; path = Resources/settings.json; sourceTree = "<group>"; };
		B50FEF461A8C085900F78550 /* NSURLConnection+Shorts.swift */ = {isa = PBXFileReference; fileEncoding = 4; lastKnownFileType = sourcecode.swift; name = "NSURLConnection+Shorts.swift"; path = "Extensions/NSURLConnection+Shorts.swift"; sourceTree = "<group>"; };
		B50FEF481A8C099F00F78550 /* String+Additions.swift */ = {isa = PBXFileReference; fileEncoding = 4; lastKnownFileType = sourcecode.swift; name = "String+Additions.swift"; path = "Extensions/String+Additions.swift"; sourceTree = "<group>"; };
		B53566751B5595360089411E /* StreamLinkLoader.swift */ = {isa = PBXFileReference; fileEncoding = 4; lastKnownFileType = sourcecode.swift; name = StreamLinkLoader.swift; path = Classes/StreamLinkLoader.swift; sourceTree = "<group>"; };
		B53566781B5595900089411E /* Alamofire.swift */ = {isa = PBXFileReference; fileEncoding = 4; lastKnownFileType = sourcecode.swift; path = Alamofire.swift; sourceTree = "<group>"; };
		B53566791B5595900089411E /* Download.swift */ = {isa = PBXFileReference; fileEncoding = 4; lastKnownFileType = sourcecode.swift; path = Download.swift; sourceTree = "<group>"; };
		B535667A1B5595900089411E /* Manager.swift */ = {isa = PBXFileReference; fileEncoding = 4; lastKnownFileType = sourcecode.swift; path = Manager.swift; sourceTree = "<group>"; };
		B535667B1B5595900089411E /* MultipartFormData.swift */ = {isa = PBXFileReference; fileEncoding = 4; lastKnownFileType = sourcecode.swift; path = MultipartFormData.swift; sourceTree = "<group>"; };
		B535667C1B5595900089411E /* ParameterEncoding.swift */ = {isa = PBXFileReference; fileEncoding = 4; lastKnownFileType = sourcecode.swift; path = ParameterEncoding.swift; sourceTree = "<group>"; };
		B535667D1B5595900089411E /* Request.swift */ = {isa = PBXFileReference; fileEncoding = 4; lastKnownFileType = sourcecode.swift; path = Request.swift; sourceTree = "<group>"; };
		B535667E1B5595900089411E /* ResponseSerialization.swift */ = {isa = PBXFileReference; fileEncoding = 4; lastKnownFileType = sourcecode.swift; path = ResponseSerialization.swift; sourceTree = "<group>"; };
		B535667F1B5595900089411E /* Upload.swift */ = {isa = PBXFileReference; fileEncoding = 4; lastKnownFileType = sourcecode.swift; path = Upload.swift; sourceTree = "<group>"; };
		B53566801B5595900089411E /* Validation.swift */ = {isa = PBXFileReference; fileEncoding = 4; lastKnownFileType = sourcecode.swift; path = Validation.swift; sourceTree = "<group>"; };
		B55F13671A9692DD0007FB94 /* GCD+Shorts.swift */ = {isa = PBXFileReference; fileEncoding = 4; lastKnownFileType = sourcecode.swift; name = "GCD+Shorts.swift"; path = "Extensions/GCD+Shorts.swift"; sourceTree = "<group>"; };
		B560C2AA1B58403B00E94325 /* App.swift */ = {isa = PBXFileReference; fileEncoding = 4; lastKnownFileType = sourcecode.swift; name = App.swift; path = Classes/App.swift; sourceTree = "<group>"; };
		B593CCA019F3FE81007747C9 /* RefreshTimer.swift */ = {isa = PBXFileReference; fileEncoding = 4; lastKnownFileType = sourcecode.swift; name = RefreshTimer.swift; path = Classes/RefreshTimer/RefreshTimer.swift; sourceTree = "<group>"; };
		B5BA38C71A91254D00AF74F2 /* StreamerData.swift */ = {isa = PBXFileReference; fileEncoding = 4; lastKnownFileType = sourcecode.swift; name = StreamerData.swift; path = Classes/StoreService/StreamerData.swift; sourceTree = "<group>"; };
		B5BA38C91A91377900AF74F2 /* Settings.swift */ = {isa = PBXFileReference; fileEncoding = 4; lastKnownFileType = sourcecode.swift; name = Settings.swift; path = Classes/StoreService/Settings.swift; sourceTree = "<group>"; };
		B5CAD3A819F2F9F7007AD3D7 /* NSColor+Hex.swift */ = {isa = PBXFileReference; fileEncoding = 4; lastKnownFileType = sourcecode.swift; name = "NSColor+Hex.swift"; path = "Extensions/NSColor+Hex.swift"; sourceTree = "<group>"; };
		B5CB263B1A97205E007755DD /* Reachability.swift */ = {isa = PBXFileReference; fileEncoding = 4; lastKnownFileType = sourcecode.swift; path = Reachability.swift; sourceTree = "<group>"; };
		B5E027CB19F238D90095AABC /* StreamRun.app */ = {isa = PBXFileReference; explicitFileType = wrapper.application; includeInIndex = 0; path = StreamRun.app; sourceTree = BUILT_PRODUCTS_DIR; };
		B5E027CF19F238D90095AABC /* Info.plist */ = {isa = PBXFileReference; lastKnownFileType = text.plist.xml; name = Info.plist; path = /Users/rrunfa/code/StreamRun/StreamRun/Info.plist; sourceTree = "<absolute>"; };
		B5E027D019F238D90095AABC /* AppDelegate.swift */ = {isa = PBXFileReference; lastKnownFileType = sourcecode.swift; path = AppDelegate.swift; sourceTree = "<group>"; };
		B5E027D219F238D90095AABC /* Images.xcassets */ = {isa = PBXFileReference; lastKnownFileType = folder.assetcatalog; path = Images.xcassets; sourceTree = "<group>"; };
		B5E027D519F238D90095AABC /* Base */ = {isa = PBXFileReference; lastKnownFileType = file.xib; name = Base; path = Base.lproj/MainMenu.xib; sourceTree = "<group>"; };
		B5E027DB19F238D90095AABC /* StreamRunTests.xctest */ = {isa = PBXFileReference; explicitFileType = wrapper.cfbundle; includeInIndex = 0; path = StreamRunTests.xctest; sourceTree = BUILT_PRODUCTS_DIR; };
		B5E027E019F238D90095AABC /* Info.plist */ = {isa = PBXFileReference; lastKnownFileType = text.plist.xml; path = Info.plist; sourceTree = "<group>"; };
		B5E027E119F238D90095AABC /* StreamRunTests.swift */ = {isa = PBXFileReference; lastKnownFileType = sourcecode.swift; path = StreamRunTests.swift; sourceTree = "<group>"; };
		B5E0280919F24FBD0095AABC /* StreamData.swift */ = {isa = PBXFileReference; fileEncoding = 4; lastKnownFileType = sourcecode.swift; name = StreamData.swift; path = Classes/StoreService/StreamData.swift; sourceTree = "<group>"; };
		B5E0280B19F256960095AABC /* StoreService.swift */ = {isa = PBXFileReference; fileEncoding = 4; lastKnownFileType = sourcecode.swift; name = StoreService.swift; path = Classes/StoreService/StoreService.swift; sourceTree = "<group>"; };
		B5E0280D19F257840095AABC /* streams.json */ = {isa = PBXFileReference; fileEncoding = 4; lastKnownFileType = text.json; name = streams.json; path = Resources/streams.json; sourceTree = "<group>"; };
		B5E0282319F273330095AABC /* SwiftyJSON.swift */ = {isa = PBXFileReference; fileEncoding = 4; lastKnownFileType = sourcecode.swift; path = SwiftyJSON.swift; sourceTree = "<group>"; };
/* End PBXFileReference section */

/* Begin PBXFrameworksBuildPhase section */
		B5E027C819F238D90095AABC /* Frameworks */ = {
			isa = PBXFrameworksBuildPhase;
			buildActionMask = 2147483647;
			files = (
			);
			runOnlyForDeploymentPostprocessing = 0;
		};
		B5E027D819F238D90095AABC /* Frameworks */ = {
			isa = PBXFrameworksBuildPhase;
			buildActionMask = 2147483647;
			files = (
			);
			runOnlyForDeploymentPostprocessing = 0;
		};
/* End PBXFrameworksBuildPhase section */

/* Begin PBXGroup section */
		B501619F19F28C8500FFBDC4 /* StreamConnector */ = {
			isa = PBXGroup;
			children = (
				B50161A519F2976E00FFBDC4 /* StreamConnector.swift */,
			);
			name = StreamConnector;
			sourceTree = "<group>";
		};
		B50161DB19F2CBBB00FFBDC4 /* StreamServiceClients */ = {
			isa = PBXGroup;
			children = (
				B50161DE19F2CC6C00FFBDC4 /* StreamServiceClient.swift */,
				B50161DC19F2CC1D00FFBDC4 /* CybergameClient.swift */,
				B50161E019F2D51600FFBDC4 /* TwitchClient.swift */,
				B50FEF381A8BE31100F78550 /* GoodgameClient.swift */,
			);
			name = StreamServiceClients;
			sourceTree = "<group>";
		};
		B53566771B5595900089411E /* Alamofire */ = {
			isa = PBXGroup;
			children = (
				B53566781B5595900089411E /* Alamofire.swift */,
				B53566791B5595900089411E /* Download.swift */,
				B535667A1B5595900089411E /* Manager.swift */,
				B535667B1B5595900089411E /* MultipartFormData.swift */,
				B535667C1B5595900089411E /* ParameterEncoding.swift */,
				B535667D1B5595900089411E /* Request.swift */,
				B535667E1B5595900089411E /* ResponseSerialization.swift */,
				B535667F1B5595900089411E /* Upload.swift */,
				B53566801B5595900089411E /* Validation.swift */,
			);
			path = Alamofire;
			sourceTree = "<group>";
		};
		B593CC9E19F3FE66007747C9 /* RefreshTimer */ = {
			isa = PBXGroup;
			children = (
				B593CCA019F3FE81007747C9 /* RefreshTimer.swift */,
			);
			name = RefreshTimer;
			sourceTree = "<group>";
		};
		B593CCA319F423BB007747C9 /* UI */ = {
			isa = PBXGroup;
			children = (
				B560C2AA1B58403B00E94325 /* App.swift */,
			);
			name = UI;
			sourceTree = "<group>";
		};
		B5CAD3A219F2F8B7007AD3D7 /* Extensions */ = {
			isa = PBXGroup;
			children = (
				B5CAD3A819F2F9F7007AD3D7 /* NSColor+Hex.swift */,
				B50FEF461A8C085900F78550 /* NSURLConnection+Shorts.swift */,
				B50FEF481A8C099F00F78550 /* String+Additions.swift */,
				B55F13671A9692DD0007FB94 /* GCD+Shorts.swift */,
			);
			name = Extensions;
			sourceTree = "<group>";
		};
		B5E027C219F238D90095AABC = {
			isa = PBXGroup;
			children = (
				B5E0282219F273330095AABC /* Libraries */,
				B5E027CD19F238D90095AABC /* StreamRun */,
				B5E027DE19F238D90095AABC /* StreamRunTests */,
				B5E027CC19F238D90095AABC /* Products */,
			);
			sourceTree = "<group>";
		};
		B5E027CC19F238D90095AABC /* Products */ = {
			isa = PBXGroup;
			children = (
				B5E027CB19F238D90095AABC /* StreamRun.app */,
				B5E027DB19F238D90095AABC /* StreamRunTests.xctest */,
			);
			name = Products;
			sourceTree = "<group>";
		};
		B5E027CD19F238D90095AABC /* StreamRun */ = {
			isa = PBXGroup;
			children = (
				B5CAD3A219F2F8B7007AD3D7 /* Extensions */,
				B5E0280719F24AFF0095AABC /* Resources */,
				B5E0280419F249280095AABC /* Classes */,
				B5E027D019F238D90095AABC /* AppDelegate.swift */,
				B5E027D219F238D90095AABC /* Images.xcassets */,
				B5E027D419F238D90095AABC /* MainMenu.xib */,
				B5E027CE19F238D90095AABC /* Supporting Files */,
			);
			path = StreamRun;
			sourceTree = "<group>";
		};
		B5E027CE19F238D90095AABC /* Supporting Files */ = {
			isa = PBXGroup;
			children = (
				B5E027CF19F238D90095AABC /* Info.plist */,
			);
			name = "Supporting Files";
			sourceTree = "<group>";
		};
		B5E027DE19F238D90095AABC /* StreamRunTests */ = {
			isa = PBXGroup;
			children = (
				B5E027E119F238D90095AABC /* StreamRunTests.swift */,
				B5E027DF19F238D90095AABC /* Supporting Files */,
			);
			path = StreamRunTests;
			sourceTree = "<group>";
		};
		B5E027DF19F238D90095AABC /* Supporting Files */ = {
			isa = PBXGroup;
			children = (
				B5E027E019F238D90095AABC /* Info.plist */,
			);
			name = "Supporting Files";
			sourceTree = "<group>";
		};
		B5E0280419F249280095AABC /* Classes */ = {
			isa = PBXGroup;
			children = (
				B53566751B5595360089411E /* StreamLinkLoader.swift */,
				B593CCA319F423BB007747C9 /* UI */,
				B593CC9E19F3FE66007747C9 /* RefreshTimer */,
				B50161DB19F2CBBB00FFBDC4 /* StreamServiceClients */,
				B501619F19F28C8500FFBDC4 /* StreamConnector */,
				B5E0280819F24F8D0095AABC /* StoreService */,
			);
			name = Classes;
			sourceTree = "<group>";
		};
		B5E0280719F24AFF0095AABC /* Resources */ = {
			isa = PBXGroup;
			children = (
				B5E0280D19F257840095AABC /* streams.json */,
				B50FEF3B1A8BF62C00F78550 /* settings.json */,
			);
			name = Resources;
			sourceTree = "<group>";
		};
		B5E0280819F24F8D0095AABC /* StoreService */ = {
			isa = PBXGroup;
			children = (
				B5E0280B19F256960095AABC /* StoreService.swift */,
				B5E0280919F24FBD0095AABC /* StreamData.swift */,
				B5BA38C71A91254D00AF74F2 /* StreamerData.swift */,
				B5BA38C91A91377900AF74F2 /* Settings.swift */,
			);
			name = StoreService;
			sourceTree = "<group>";
		};
		B5E0282219F273330095AABC /* Libraries */ = {
			isa = PBXGroup;
			children = (
				B53566771B5595900089411E /* Alamofire */,
				B5CB263B1A97205E007755DD /* Reachability.swift */,
				B5E0282319F273330095AABC /* SwiftyJSON.swift */,
			);
			path = Libraries;
			sourceTree = "<group>";
		};
/* End PBXGroup section */

/* Begin PBXNativeTarget section */
		B5E027CA19F238D90095AABC /* StreamRun */ = {
			isa = PBXNativeTarget;
			buildConfigurationList = B5E027E519F238D90095AABC /* Build configuration list for PBXNativeTarget "StreamRun" */;
			buildPhases = (
				B5E027C719F238D90095AABC /* Sources */,
				B5E027C819F238D90095AABC /* Frameworks */,
				B5E027C919F238D90095AABC /* Resources */,
				B5E027F619F242BB0095AABC /* Copy Frameworks */,
			);
			buildRules = (
			);
			dependencies = (
			);
			name = StreamRun;
			productName = StreamRun;
			productReference = B5E027CB19F238D90095AABC /* StreamRun.app */;
			productType = "com.apple.product-type.application";
		};
		B5E027DA19F238D90095AABC /* StreamRunTests */ = {
			isa = PBXNativeTarget;
			buildConfigurationList = B5E027E819F238D90095AABC /* Build configuration list for PBXNativeTarget "StreamRunTests" */;
			buildPhases = (
				B5E027D719F238D90095AABC /* Sources */,
				B5E027D819F238D90095AABC /* Frameworks */,
				B5E027D919F238D90095AABC /* Resources */,
			);
			buildRules = (
			);
			dependencies = (
				B5E027DD19F238D90095AABC /* PBXTargetDependency */,
			);
			name = StreamRunTests;
			productName = StreamRunTests;
			productReference = B5E027DB19F238D90095AABC /* StreamRunTests.xctest */;
			productType = "com.apple.product-type.bundle.unit-test";
		};
/* End PBXNativeTarget section */

/* Begin PBXProject section */
		B5E027C319F238D90095AABC /* Project object */ = {
			isa = PBXProject;
			attributes = {
				LastUpgradeCheck = 0610;
				ORGANIZATIONNAME = rrunfa;
				TargetAttributes = {
					B5E027CA19F238D90095AABC = {
						CreatedOnToolsVersion = 6.1;
					};
					B5E027DA19F238D90095AABC = {
						CreatedOnToolsVersion = 6.1;
						TestTargetID = B5E027CA19F238D90095AABC;
					};
				};
			};
			buildConfigurationList = B5E027C619F238D90095AABC /* Build configuration list for PBXProject "StreamRun" */;
			compatibilityVersion = "Xcode 3.2";
			developmentRegion = English;
			hasScannedForEncodings = 0;
			knownRegions = (
				en,
				Base,
			);
			mainGroup = B5E027C219F238D90095AABC;
			productRefGroup = B5E027CC19F238D90095AABC /* Products */;
			projectDirPath = "";
			projectRoot = "";
			targets = (
				B5E027CA19F238D90095AABC /* StreamRun */,
				B5E027DA19F238D90095AABC /* StreamRunTests */,
			);
		};
/* End PBXProject section */

/* Begin PBXResourcesBuildPhase section */
		B5E027C919F238D90095AABC /* Resources */ = {
			isa = PBXResourcesBuildPhase;
			buildActionMask = 2147483647;
			files = (
				B5E0280E19F257840095AABC /* streams.json in Resources */,
				B5E027D319F238D90095AABC /* Images.xcassets in Resources */,
				B50FEF3C1A8BF62C00F78550 /* settings.json in Resources */,
				B560C2AC1B58446500E94325 /* Info.plist in Resources */,
				B5E027D619F238D90095AABC /* MainMenu.xib in Resources */,
			);
			runOnlyForDeploymentPostprocessing = 0;
		};
		B5E027D919F238D90095AABC /* Resources */ = {
			isa = PBXResourcesBuildPhase;
			buildActionMask = 2147483647;
			files = (
			);
			runOnlyForDeploymentPostprocessing = 0;
		};
/* End PBXResourcesBuildPhase section */

/* Begin PBXSourcesBuildPhase section */
		B5E027C719F238D90095AABC /* Sources */ = {
			isa = PBXSourcesBuildPhase;
			buildActionMask = 2147483647;
			files = (
				B53566851B5595900089411E /* ParameterEncoding.swift in Sources */,
				B53566861B5595900089411E /* Request.swift in Sources */,
				B50161DF19F2CC6C00FFBDC4 /* StreamServiceClient.swift in Sources */,
				B50FEF391A8BE31100F78550 /* GoodgameClient.swift in Sources */,
				B53566891B5595900089411E /* Validation.swift in Sources */,
				B5CAD3A919F2F9F7007AD3D7 /* NSColor+Hex.swift in Sources */,
				B5E027D119F238D90095AABC /* AppDelegate.swift in Sources */,
				B53566881B5595900089411E /* Upload.swift in Sources */,
				B53566831B5595900089411E /* Manager.swift in Sources */,
				B560C2AB1B58403B00E94325 /* App.swift in Sources */,
				B593CCA119F3FE81007747C9 /* RefreshTimer.swift in Sources */,
				B5E0280A19F24FBD0095AABC /* StreamData.swift in Sources */,
				B5CB263C1A97205E007755DD /* Reachability.swift in Sources */,
				B5E0280C19F256960095AABC /* StoreService.swift in Sources */,
				B53566811B5595900089411E /* Alamofire.swift in Sources */,
				B53566821B5595900089411E /* Download.swift in Sources */,
				B53566871B5595900089411E /* ResponseSerialization.swift in Sources */,
				B55F13681A9692DD0007FB94 /* GCD+Shorts.swift in Sources */,
				B50FEF471A8C085900F78550 /* NSURLConnection+Shorts.swift in Sources */,
				B53566761B5595360089411E /* StreamLinkLoader.swift in Sources */,
				B5BA38C81A91254D00AF74F2 /* StreamerData.swift in Sources */,
				B5BA38CA1A91377900AF74F2 /* Settings.swift in Sources */,
				B53566841B5595900089411E /* MultipartFormData.swift in Sources */,
				B50161A619F2976E00FFBDC4 /* StreamConnector.swift in Sources */,
				B50161E119F2D51600FFBDC4 /* TwitchClient.swift in Sources */,
				B50FEF491A8C099F00F78550 /* String+Additions.swift in Sources */,
				B50161DD19F2CC1D00FFBDC4 /* CybergameClient.swift in Sources */,
				B5E0282419F273330095AABC /* SwiftyJSON.swift in Sources */,
			);
			runOnlyForDeploymentPostprocessing = 0;
		};
		B5E027D719F238D90095AABC /* Sources */ = {
			isa = PBXSourcesBuildPhase;
			buildActionMask = 2147483647;
			files = (
				B5E027E219F238D90095AABC /* StreamRunTests.swift in Sources */,
			);
			runOnlyForDeploymentPostprocessing = 0;
		};
/* End PBXSourcesBuildPhase section */

/* Begin PBXTargetDependency section */
		B5E027DD19F238D90095AABC /* PBXTargetDependency */ = {
			isa = PBXTargetDependency;
			target = B5E027CA19F238D90095AABC /* StreamRun */;
			targetProxy = B5E027DC19F238D90095AABC /* PBXContainerItemProxy */;
		};
/* End PBXTargetDependency section */

/* Begin PBXVariantGroup section */
		B5E027D419F238D90095AABC /* MainMenu.xib */ = {
			isa = PBXVariantGroup;
			children = (
				B5E027D519F238D90095AABC /* Base */,
			);
			name = MainMenu.xib;
			sourceTree = "<group>";
		};
/* End PBXVariantGroup section */

/* Begin XCBuildConfiguration section */
		B5E027E319F238D90095AABC /* Debug */ = {
			isa = XCBuildConfiguration;
			buildSettings = {
				ALWAYS_SEARCH_USER_PATHS = NO;
				CLANG_CXX_LANGUAGE_STANDARD = "gnu++0x";
				CLANG_CXX_LIBRARY = "libc++";
				CLANG_ENABLE_MODULES = YES;
				CLANG_ENABLE_OBJC_ARC = YES;
				CLANG_WARN_BOOL_CONVERSION = YES;
				CLANG_WARN_CONSTANT_CONVERSION = YES;
				CLANG_WARN_DIRECT_OBJC_ISA_USAGE = YES_ERROR;
				CLANG_WARN_EMPTY_BODY = YES;
				CLANG_WARN_ENUM_CONVERSION = YES;
				CLANG_WARN_INT_CONVERSION = YES;
				CLANG_WARN_OBJC_ROOT_CLASS = YES_ERROR;
				CLANG_WARN_UNREACHABLE_CODE = YES;
				CLANG_WARN__DUPLICATE_METHOD_MATCH = YES;
				CODE_SIGN_IDENTITY = "-";
				COPY_PHASE_STRIP = NO;
				ENABLE_STRICT_OBJC_MSGSEND = YES;
				GCC_C_LANGUAGE_STANDARD = gnu99;
				GCC_DYNAMIC_NO_PIC = NO;
				GCC_OPTIMIZATION_LEVEL = 0;
				GCC_PREPROCESSOR_DEFINITIONS = (
					"DEBUG=1",
					"$(inherited)",
				);
				GCC_SYMBOLS_PRIVATE_EXTERN = NO;
				GCC_WARN_64_TO_32_BIT_CONVERSION = YES;
				GCC_WARN_ABOUT_RETURN_TYPE = YES_ERROR;
				GCC_WARN_UNDECLARED_SELECTOR = YES;
				GCC_WARN_UNINITIALIZED_AUTOS = YES_AGGRESSIVE;
				GCC_WARN_UNUSED_FUNCTION = YES;
				GCC_WARN_UNUSED_VARIABLE = YES;
				MACOSX_DEPLOYMENT_TARGET = 10.10;
				MTL_ENABLE_DEBUG_INFO = YES;
				ONLY_ACTIVE_ARCH = YES;
				SDKROOT = macosx;
				SWIFT_OPTIMIZATION_LEVEL = "-Onone";
			};
			name = Debug;
		};
		B5E027E419F238D90095AABC /* Release */ = {
			isa = XCBuildConfiguration;
			buildSettings = {
				ALWAYS_SEARCH_USER_PATHS = NO;
				CLANG_CXX_LANGUAGE_STANDARD = "gnu++0x";
				CLANG_CXX_LIBRARY = "libc++";
				CLANG_ENABLE_MODULES = YES;
				CLANG_ENABLE_OBJC_ARC = YES;
				CLANG_WARN_BOOL_CONVERSION = YES;
				CLANG_WARN_CONSTANT_CONVERSION = YES;
				CLANG_WARN_DIRECT_OBJC_ISA_USAGE = YES_ERROR;
				CLANG_WARN_EMPTY_BODY = YES;
				CLANG_WARN_ENUM_CONVERSION = YES;
				CLANG_WARN_INT_CONVERSION = YES;
				CLANG_WARN_OBJC_ROOT_CLASS = YES_ERROR;
				CLANG_WARN_UNREACHABLE_CODE = YES;
				CLANG_WARN__DUPLICATE_METHOD_MATCH = YES;
				CODE_SIGN_IDENTITY = "-";
				COPY_PHASE_STRIP = YES;
				DEBUG_INFORMATION_FORMAT = "dwarf-with-dsym";
				ENABLE_NS_ASSERTIONS = NO;
				ENABLE_STRICT_OBJC_MSGSEND = YES;
				GCC_C_LANGUAGE_STANDARD = gnu99;
				GCC_WARN_64_TO_32_BIT_CONVERSION = YES;
				GCC_WARN_ABOUT_RETURN_TYPE = YES_ERROR;
				GCC_WARN_UNDECLARED_SELECTOR = YES;
				GCC_WARN_UNINITIALIZED_AUTOS = YES_AGGRESSIVE;
				GCC_WARN_UNUSED_FUNCTION = YES;
				GCC_WARN_UNUSED_VARIABLE = YES;
				MACOSX_DEPLOYMENT_TARGET = 10.10;
				MTL_ENABLE_DEBUG_INFO = NO;
				SDKROOT = macosx;
			};
			name = Release;
		};
		B5E027E619F238D90095AABC /* Debug */ = {
			isa = XCBuildConfiguration;
			buildSettings = {
				ASSETCATALOG_COMPILER_APPICON_NAME = AppIcon;
				CLANG_ENABLE_MODULES = YES;
				COMBINE_HIDPI_IMAGES = YES;
				INFOPLIST_FILE = StreamRun/Info.plist;
				LD_RUNPATH_SEARCH_PATHS = "$(inherited) @executable_path/../Frameworks";
				PRODUCT_NAME = "$(TARGET_NAME)";
				SWIFT_OBJC_BRIDGING_HEADER = "";
				SWIFT_OPTIMIZATION_LEVEL = "-Onone";
			};
			name = Debug;
		};
		B5E027E719F238D90095AABC /* Release */ = {
			isa = XCBuildConfiguration;
			buildSettings = {
				ASSETCATALOG_COMPILER_APPICON_NAME = AppIcon;
				CLANG_ENABLE_MODULES = YES;
				COMBINE_HIDPI_IMAGES = YES;
				INFOPLIST_FILE = StreamRun/Info.plist;
				LD_RUNPATH_SEARCH_PATHS = "$(inherited) @executable_path/../Frameworks";
				PRODUCT_NAME = "$(TARGET_NAME)";
				SWIFT_OBJC_BRIDGING_HEADER = "";
			};
			name = Release;
		};
		B5E027E919F238D90095AABC /* Debug */ = {
			isa = XCBuildConfiguration;
			buildSettings = {
				BUNDLE_LOADER = "$(TEST_HOST)";
				COMBINE_HIDPI_IMAGES = YES;
				FRAMEWORK_SEARCH_PATHS = (
					"$(DEVELOPER_FRAMEWORKS_DIR)",
					"$(inherited)",
				);
				GCC_PREPROCESSOR_DEFINITIONS = (
					"DEBUG=1",
					"$(inherited)",
				);
				INFOPLIST_FILE = StreamRunTests/Info.plist;
				LD_RUNPATH_SEARCH_PATHS = "$(inherited) @executable_path/../Frameworks @loader_path/../Frameworks";
				PRODUCT_NAME = "$(TARGET_NAME)";
				TEST_HOST = "$(BUILT_PRODUCTS_DIR)/StreamRun.app/Contents/MacOS/StreamRun";
			};
			name = Debug;
		};
		B5E027EA19F238D90095AABC /* Release */ = {
			isa = XCBuildConfiguration;
			buildSettings = {
				BUNDLE_LOADER = "$(TEST_HOST)";
				COMBINE_HIDPI_IMAGES = YES;
				FRAMEWORK_SEARCH_PATHS = (
					"$(DEVELOPER_FRAMEWORKS_DIR)",
					"$(inherited)",
				);
				INFOPLIST_FILE = StreamRunTests/Info.plist;
				LD_RUNPATH_SEARCH_PATHS = "$(inherited) @executable_path/../Frameworks @loader_path/../Frameworks";
				PRODUCT_NAME = "$(TARGET_NAME)";
				TEST_HOST = "$(BUILT_PRODUCTS_DIR)/StreamRun.app/Contents/MacOS/StreamRun";
			};
			name = Release;
		};
/* End XCBuildConfiguration section */

/* Begin XCConfigurationList section */
		B5E027C619F238D90095AABC /* Build configuration list for PBXProject "StreamRun" */ = {
			isa = XCConfigurationList;
			buildConfigurations = (
				B5E027E319F238D90095AABC /* Debug */,
				B5E027E419F238D90095AABC /* Release */,
			);
			defaultConfigurationIsVisible = 0;
			defaultConfigurationName = Release;
		};
		B5E027E519F238D90095AABC /* Build configuration list for PBXNativeTarget "StreamRun" */ = {
			isa = XCConfigurationList;
			buildConfigurations = (
				B5E027E619F238D90095AABC /* Debug */,
				B5E027E719F238D90095AABC /* Release */,
			);
			defaultConfigurationIsVisible = 0;
			defaultConfigurationName = Release;
		};
		B5E027E819F238D90095AABC /* Build configuration list for PBXNativeTarget "StreamRunTests" */ = {
			isa = XCConfigurationList;
			buildConfigurations = (
				B5E027E919F238D90095AABC /* Debug */,
				B5E027EA19F238D90095AABC /* Release */,
			);
			defaultConfigurationIsVisible = 0;
			defaultConfigurationName = Release;
		};
/* End XCConfigurationList section */
	};
	rootObject = B5E027C319F238D90095AABC /* Project object */;
}
